# Generated by buf. DO NOT EDIT.
version: v2
deps:
  - name: buf.build/codesjoy/ddd
    commit: 389684ccf80d4c97aae43090989cc155
    digest: b5:6abe1a5226f4773f16fc4c0be77e84c6c5a17c7e0f63e0a2caa1414dba07e13960311e6e01dc72bb8ef2ad44512c064cbfe9fb01efcb2cd3d57d83bbfdaa2454
  - name: buf.build/codesjoy/reason
    commit: 700c36d32a394985a721a7b595337257
    digest: b5:657783f025bdd6e4fad86a3100f1563e0f9e912cf0a9a56966bf82edcd5ea878ab6972bd00cb630261936b3196272ab90d10e78bf70d6b1cebd84be241ce2fed
  - name: buf.build/googleapis/googleapis
    commit: 536964a08a534d51b8f30f2d6751f1f9
    digest: b5:3e05d27e797b00c345fadd3c15cf0e16c4cc693036a55059721e66d6ce22a96264a4897658c9243bb0874fa9ca96e437589eb512189d2754604a626c632f6030
